
Microsoft Visual Studio Solution File, Format Version 11.00
# Visual Studio 2010
Project("{8BC9CEB8-8B4A-11D0-8D11-00A0C91BC942}") = "flipkart", "flipkart\flipkart.vcxproj", "{CF43D3A0-E3D0-4FAC-B4F4-6D206D7C3888}"
EndProject
Global
	GlobalSection(SolutionConfigurationPlatforms) = preSolution
		Debug|Win32 = Debug|Win32
		Release|Win32 = Release|Win32
	EndGlobalSection
	GlobalSection(ProjectConfigurationPlatforms) = postSolution
		{CF43D3A0-E3D0-4FAC-B4F4-6D206D7C3888}.Debug|Win32.ActiveCfg = Debug|Win32
		{CF43D3A0-E3D0-4FAC-B4F4-6D206D7C3888}.Debug|Win32.Build.0 = Debug|Win32
		{CF43D3A0-E3D0-4FAC-B4F4-6D206D7C3888}.Release|Win32.ActiveCfg = Release|Win32
		{CF43D3A0-E3D0-4FAC-B4F4-6D206D7C3888}.Release|Win32.Build.0 = Release|Win32
	EndGlobalSection
	GlobalSection(SolutionProperties) = preSolution
		HideSolutionNode = FALSE
	EndGlobalSection
EndGlobal
