
Microsoft Visual Studio Solution File, Format Version 11.00
# Visual Studio 2010
Project("{8BC9CEB8-8B4A-11D0-8D11-00A0C91BC942}") = "postfix", "postfix\postfix.vcxproj", "{C1E06CAD-567A-4584-ABEA-60F8D490E45A}"
EndProject
Global
	GlobalSection(SolutionConfigurationPlatforms) = preSolution
		Debug|Win32 = Debug|Win32
		Release|Win32 = Release|Win32
	EndGlobalSection
	GlobalSection(ProjectConfigurationPlatforms) = postSolution
		{C1E06CAD-567A-4584-ABEA-60F8D490E45A}.Debug|Win32.ActiveCfg = Debug|Win32
		{C1E06CAD-567A-4584-ABEA-60F8D490E45A}.Debug|Win32.Build.0 = Debug|Win32
		{C1E06CAD-567A-4584-ABEA-60F8D490E45A}.Release|Win32.ActiveCfg = Release|Win32
		{C1E06CAD-567A-4584-ABEA-60F8D490E45A}.Release|Win32.Build.0 = Release|Win32
	EndGlobalSection
	GlobalSection(SolutionProperties) = preSolution
		HideSolutionNode = FALSE
	EndGlobalSection
EndGlobal
