
Microsoft Visual Studio Solution File, Format Version 11.00
# Visual Studio 2010
Project("{8BC9CEB8-8B4A-11D0-8D11-00A0C91BC942}") = "bloomreach", "bloomreach\bloomreach.vcxproj", "{90CB0AA2-448D-4462-8F0B-3ED69B630B7A}"
EndProject
Global
	GlobalSection(SolutionConfigurationPlatforms) = preSolution
		Debug|Win32 = Debug|Win32
		Release|Win32 = Release|Win32
	EndGlobalSection
	GlobalSection(ProjectConfigurationPlatforms) = postSolution
		{90CB0AA2-448D-4462-8F0B-3ED69B630B7A}.Debug|Win32.ActiveCfg = Debug|Win32
		{90CB0AA2-448D-4462-8F0B-3ED69B630B7A}.Debug|Win32.Build.0 = Debug|Win32
		{90CB0AA2-448D-4462-8F0B-3ED69B630B7A}.Release|Win32.ActiveCfg = Release|Win32
		{90CB0AA2-448D-4462-8F0B-3ED69B630B7A}.Release|Win32.Build.0 = Release|Win32
	EndGlobalSection
	GlobalSection(SolutionProperties) = preSolution
		HideSolutionNode = FALSE
	EndGlobalSection
EndGlobal
