
Microsoft Visual Studio Solution File, Format Version 11.00
# Visual Studio 2010
Project("{8BC9CEB8-8B4A-11D0-8D11-00A0C91BC942}") = "Max_SUM_Subsequence", "Max_SUM_Subsequence\Max_SUM_Subsequence.vcxproj", "{57C0652A-781F-4ED2-BA95-4DC0198D0FBD}"
EndProject
Global
	GlobalSection(SolutionConfigurationPlatforms) = preSolution
		Debug|Win32 = Debug|Win32
		Release|Win32 = Release|Win32
	EndGlobalSection
	GlobalSection(ProjectConfigurationPlatforms) = postSolution
		{57C0652A-781F-4ED2-BA95-4DC0198D0FBD}.Debug|Win32.ActiveCfg = Debug|Win32
		{57C0652A-781F-4ED2-BA95-4DC0198D0FBD}.Debug|Win32.Build.0 = Debug|Win32
		{57C0652A-781F-4ED2-BA95-4DC0198D0FBD}.Release|Win32.ActiveCfg = Release|Win32
		{57C0652A-781F-4ED2-BA95-4DC0198D0FBD}.Release|Win32.Build.0 = Release|Win32
	EndGlobalSection
	GlobalSection(SolutionProperties) = preSolution
		HideSolutionNode = FALSE
	EndGlobalSection
EndGlobal
