
Microsoft Visual Studio Solution File, Format Version 11.00
# Visual Studio 2010
Project("{8BC9CEB8-8B4A-11D0-8D11-00A0C91BC942}") = "serialize_deserialize_tree", "serialize_deserialize_tree\serialize_deserialize_tree.vcxproj", "{30966431-290C-4D7A-B169-549572020642}"
EndProject
Global
	GlobalSection(SolutionConfigurationPlatforms) = preSolution
		Debug|Win32 = Debug|Win32
		Release|Win32 = Release|Win32
	EndGlobalSection
	GlobalSection(ProjectConfigurationPlatforms) = postSolution
		{30966431-290C-4D7A-B169-549572020642}.Debug|Win32.ActiveCfg = Debug|Win32
		{30966431-290C-4D7A-B169-549572020642}.Debug|Win32.Build.0 = Debug|Win32
		{30966431-290C-4D7A-B169-549572020642}.Release|Win32.ActiveCfg = Release|Win32
		{30966431-290C-4D7A-B169-549572020642}.Release|Win32.Build.0 = Release|Win32
	EndGlobalSection
	GlobalSection(SolutionProperties) = preSolution
		HideSolutionNode = FALSE
	EndGlobalSection
EndGlobal
