
Microsoft Visual Studio Solution File, Format Version 11.00
# Visual Studio 2010
Project("{8BC9CEB8-8B4A-11D0-8D11-00A0C91BC942}") = "pattern_match", "pattern_match\pattern_match.vcxproj", "{C4863FE8-753D-49D8-97E3-C341D1BAC263}"
EndProject
Global
	GlobalSection(SolutionConfigurationPlatforms) = preSolution
		Debug|Win32 = Debug|Win32
		Release|Win32 = Release|Win32
	EndGlobalSection
	GlobalSection(ProjectConfigurationPlatforms) = postSolution
		{C4863FE8-753D-49D8-97E3-C341D1BAC263}.Debug|Win32.ActiveCfg = Debug|Win32
		{C4863FE8-753D-49D8-97E3-C341D1BAC263}.Debug|Win32.Build.0 = Debug|Win32
		{C4863FE8-753D-49D8-97E3-C341D1BAC263}.Release|Win32.ActiveCfg = Release|Win32
		{C4863FE8-753D-49D8-97E3-C341D1BAC263}.Release|Win32.Build.0 = Release|Win32
	EndGlobalSection
	GlobalSection(SolutionProperties) = preSolution
		HideSolutionNode = FALSE
	EndGlobalSection
EndGlobal
