
Microsoft Visual Studio Solution File, Format Version 11.00
# Visual Studio 2010
Project("{8BC9CEB8-8B4A-11D0-8D11-00A0C91BC942}") = "reach_the_point", "reach_the_point\reach_the_point.vcxproj", "{50B55B11-D7A7-41F5-A4F2-9CB81E18707C}"
EndProject
Global
	GlobalSection(SolutionConfigurationPlatforms) = preSolution
		Debug|Win32 = Debug|Win32
		Release|Win32 = Release|Win32
	EndGlobalSection
	GlobalSection(ProjectConfigurationPlatforms) = postSolution
		{50B55B11-D7A7-41F5-A4F2-9CB81E18707C}.Debug|Win32.ActiveCfg = Debug|Win32
		{50B55B11-D7A7-41F5-A4F2-9CB81E18707C}.Debug|Win32.Build.0 = Debug|Win32
		{50B55B11-D7A7-41F5-A4F2-9CB81E18707C}.Release|Win32.ActiveCfg = Release|Win32
		{50B55B11-D7A7-41F5-A4F2-9CB81E18707C}.Release|Win32.Build.0 = Release|Win32
	EndGlobalSection
	GlobalSection(SolutionProperties) = preSolution
		HideSolutionNode = FALSE
	EndGlobalSection
EndGlobal
